// !$*UTF8*$!
{
	archiveVersion = 1;
	classes = {
	};
	objectVersion = 56;
	objects = {

/* Begin PBXBuildFile section */
		7E2DABB32EA12A9C0013E2B9 /* VarKeeper__with_addApp.swift in Sources */ = {isa = PBXBuildFile; fileRef = 7E2DABB22EA12A9C0013E2B9 /* VarKeeper__with_addApp.swift */; };
		7E2DABB52EA12A9C0013E2B9 /* ContentView.swift in Sources */ = {isa = PBXBuildFile; fileRef = 7E2DABB42EA12A9C0013E2B9 /* ContentView.swift */; };
		7E2DABB72EA12A9D0013E2B9 /* Assets.xcassets in Resources */ = {isa = PBXBuildFile; fileRef = 7E2DABB62EA12A9D0013E2B9 /* Assets.xcassets */; };
		7E2DABBA2EA12A9D0013E2B9 /* Preview Assets.xcassets in Resources */ = {isa = PBXBuildFile; fileRef = 7E2DABB92EA12A9D0013E2B9 /* Preview Assets.xcassets */; };
		7E2DABC42EA12A9D0013E2B9 /* VarKeeper__with_addTests.swift in Sources */ = {isa = PBXBuildFile; fileRef = 7E2DABC32EA12A9D0013E2B9 /* VarKeeper__with_addTests.swift */; };
		7E2DABCE2EA12A9D0013E2B9 /* VarKeeper__with_addUITests.swift in Sources */ = {isa = PBXBuildFile; fileRef = 7E2DABCD2EA12A9D0013E2B9 /* VarKeeper__with_addUITests.swift */; };
		7E2DABD02EA12A9D0013E2B9 /* VarKeeper__with_addUITestsLaunchTests.swift in Sources */ = {isa = PBXBuildFile; fileRef = 7E2DABCF2EA12A9D0013E2B9 /* VarKeeper__with_addUITestsLaunchTests.swift */; };
		7E2DABDF2EA136600013E2B9 /* Ads.swift in Sources */ = {isa = PBXBuildFile; fileRef = 7E2DABDE2EA136600013E2B9 /* Ads.swift */; };
		7E2DABE22EA138200013E2B9 /* GoogleMobileAds in Frameworks */ = {isa = PBXBuildFile; productRef = 7E2DABE12EA138200013E2B9 /* GoogleMobileAds */; };
/* End PBXBuildFile section */

/* Begin PBXContainerItemProxy section */
		7E2DABC02EA12A9D0013E2B9 /* PBXContainerItemProxy */ = {
			isa = PBXContainerItemProxy;
			containerPortal = 7E2DABA72EA12A9C0013E2B9 /* Project object */;
			proxyType = 1;
			remoteGlobalIDString = 7E2DABAE2EA12A9C0013E2B9;
			remoteInfo = "VarKeeper _with＿add";
		};
		7E2DABCA2EA12A9D0013E2B9 /* PBXContainerItemProxy */ = {
			isa = PBXContainerItemProxy;
			containerPortal = 7E2DABA72EA12A9C0013E2B9 /* Project object */;
			proxyType = 1;
			remoteGlobalIDString = 7E2DABAE2EA12A9C0013E2B9;
			remoteInfo = "VarKeeper _with＿add";
		};
/* End PBXContainerItemProxy section */

/* Begin PBXFileReference section */
		7E2DABAF2EA12A9C0013E2B9 /* VarKeeper _with＿add.app */ = {isa = PBXFileReference; explicitFileType = wrapper.application; includeInIndex = 0; path = "VarKeeper _with＿add.app"; sourceTree = BUILT_PRODUCTS_DIR; };
		7E2DABB22EA12A9C0013E2B9 /* VarKeeper__with_addApp.swift */ = {isa = PBXFileReference; lastKnownFileType = sourcecode.swift; path = VarKeeper__with_addApp.swift; sourceTree = "<group>"; };
		7E2DABB42EA12A9C0013E2B9 /* ContentView.swift */ = {isa = PBXFileReference; lastKnownFileType = sourcecode.swift; path = ContentView.swift; sourceTree = "<group>"; };
		7E2DABB62EA12A9D0013E2B9 /* Assets.xcassets */ = {isa = PBXFileReference; lastKnownFileType = folder.assetcatalog; path = Assets.xcassets; sourceTree = "<group>"; };
		7E2DABB92EA12A9D0013E2B9 /* Preview Assets.xcassets */ = {isa = PBXFileReference; lastKnownFileType = folder.assetcatalog; path = "Preview Assets.xcassets"; sourceTree = "<group>"; };
		7E2DABBF2EA12A9D0013E2B9 /* VarKeeper _with＿addTests.xctest */ = {isa = PBXFileReference; explicitFileType = wrapper.cfbundle; includeInIndex = 0; path = "VarKeeper _with＿addTests.xctest"; sourceTree = BUILT_PRODUCTS_DIR; };
		7E2DABC32EA12A9D0013E2B9 /* VarKeeper__with_addTests.swift */ = {isa = PBXFileReference; lastKnownFileType = sourcecode.swift; path = VarKeeper__with_addTests.swift; sourceTree = "<group>"; };
		7E2DABC92EA12A9D0013E2B9 /* VarKeeper _with＿addUITests.xctest */ = {isa = PBXFileReference; explicitFileType = wrapper.cfbundle; includeInIndex = 0; path = "VarKeeper _with＿addUITests.xctest"; sourceTree = BUILT_PRODUCTS_DIR; };
		7E2DABCD2EA12A9D0013E2B9 /* VarKeeper__with_addUITests.swift */ = {isa = PBXFileReference; lastKnownFileType = sourcecode.swift; path = VarKeeper__with_addUITests.swift; sourceTree = "<group>"; };
		7E2DABCF2EA12A9D0013E2B9 /* VarKeeper__with_addUITestsLaunchTests.swift */ = {isa = PBXFileReference; lastKnownFileType = sourcecode.swift; path = VarKeeper__with_addUITestsLaunchTests.swift; sourceTree = "<group>"; };
		7E2DABDD2EA133FF0013E2B9 /* VarKeeper--with-add-Info.plist */ = {isa = PBXFileReference; lastKnownFileType = text.plist; path = "VarKeeper--with-add-Info.plist"; sourceTree = SOURCE_ROOT; };
		7E2DABDE2EA136600013E2B9 /* Ads.swift */ = {isa = PBXFileReference; lastKnownFileType = sourcecode.swift; path = Ads.swift; sourceTree = "<group>"; };
/* End PBXFileReference section */

/* Begin PBXFrameworksBuildPhase section */
		7E2DABAC2EA12A9C0013E2B9 /* Frameworks */ = {
			isa = PBXFrameworksBuildPhase;
			buildActionMask = 2147483647;
			files = (
				7E2DABE22EA138200013E2B9 /* GoogleMobileAds in Frameworks */,
			);
			runOnlyForDeploymentPostprocessing = 0;
		};
		7E2DABBC2EA12A9D0013E2B9 /* Frameworks */ = {
			isa = PBXFrameworksBuildPhase;
			buildActionMask = 2147483647;
			files = (
			);
			runOnlyForDeploymentPostprocessing = 0;
		};
		7E2DABC62EA12A9D0013E2B9 /* Frameworks */ = {
			isa = PBXFrameworksBuildPhase;
			buildActionMask = 2147483647;
			files = (
			);
			runOnlyForDeploymentPostprocessing = 0;
		};
/* End PBXFrameworksBuildPhase section */

/* Begin PBXGroup section */
		7E2DABA62EA12A9C0013E2B9 = {
			isa = PBXGroup;
			children = (
				7E2DABB12EA12A9C0013E2B9 /* VarKeeper _with＿add */,
				7E2DABC22EA12A9D0013E2B9 /* VarKeeper _with＿addTests */,
				7E2DABCC2EA12A9D0013E2B9 /* VarKeeper _with＿addUITests */,
				7E2DABB02EA12A9C0013E2B9 /* Products */,
				7E2DABE02EA138200013E2B9 /* Frameworks */,
			);
			sourceTree = "<group>";
		};
		7E2DABB02EA12A9C0013E2B9 /* Products */ = {
			isa = PBXGroup;
			children = (
				7E2DABAF2EA12A9C0013E2B9 /* VarKeeper _with＿add.app */,
				7E2DABBF2EA12A9D0013E2B9 /* VarKeeper _with＿addTests.xctest */,
				7E2DABC92EA12A9D0013E2B9 /* VarKeeper _with＿addUITests.xctest */,
			);
			name = Products;
			sourceTree = "<group>";
		};
		7E2DABB12EA12A9C0013E2B9 /* VarKeeper _with＿add */ = {
			isa = PBXGroup;
			children = (
				7E2DABDD2EA133FF0013E2B9 /* VarKeeper--with-add-Info.plist */,
				7E2DABB22EA12A9C0013E2B9 /* VarKeeper__with_addApp.swift */,
				7E2DABB42EA12A9C0013E2B9 /* ContentView.swift */,
				7E2DABDE2EA136600013E2B9 /* Ads.swift */,
				7E2DABB62EA12A9D0013E2B9 /* Assets.xcassets */,
				7E2DABB82EA12A9D0013E2B9 /* Preview Content */,
			);
			path = "VarKeeper _with＿add";
			sourceTree = "<group>";
		};
		7E2DABB82EA12A9D0013E2B9 /* Preview Content */ = {
			isa = PBXGroup;
			children = (
				7E2DABB92EA12A9D0013E2B9 /* Preview Assets.xcassets */,
			);
			path = "Preview Content";
			sourceTree = "<group>";
		};
		7E2DABC22EA12A9D0013E2B9 /* VarKeeper _with＿addTests */ = {
			isa = PBXGroup;
			children = (
				7E2DABC32EA12A9D0013E2B9 /* VarKeeper__with_addTests.swift */,
			);
			path = "VarKeeper _with＿addTests";
			sourceTree = "<group>";
		};
		7E2DABCC2EA12A9D0013E2B9 /* VarKeeper _with＿addUITests */ = {
			isa = PBXGroup;
			children = (
				7E2DABCD2EA12A9D0013E2B9 /* VarKeeper__with_addUITests.swift */,
				7E2DABCF2EA12A9D0013E2B9 /* VarKeeper__with_addUITestsLaunchTests.swift */,
			);
			path = "VarKeeper _with＿addUITests";
			sourceTree = "<group>";
		};
		7E2DABE02EA138200013E2B9 /* Frameworks */ = {
			isa = PBXGroup;
			children = (
			);
			name = Frameworks;
			sourceTree = "<group>";
		};
/* End PBXGroup section */

/* Begin PBXNativeTarget section */
		7E2DABAE2EA12A9C0013E2B9 /* VarKeeper _with＿add */ = {
			isa = PBXNativeTarget;
			buildConfigurationList = 7E2DABD32EA12A9D0013E2B9 /* Build configuration list for PBXNativeTarget "VarKeeper _with＿add" */;
			buildPhases = (
				7E2DABAB2EA12A9C0013E2B9 /* Sources */,
				7E2DABAC2EA12A9C0013E2B9 /* Frameworks */,
				7E2DABAD2EA12A9C0013E2B9 /* Resources */,
			);
			buildRules = (
			);
			dependencies = (
			);
			name = "VarKeeper _with＿add";
			packageProductDependencies = (
				7E2DABE12EA138200013E2B9 /* GoogleMobileAds */,
			);
			productName = "VarKeeper _with＿add";
			productReference = 7E2DABAF2EA12A9C0013E2B9 /* VarKeeper _with＿add.app */;
			productType = "com.apple.product-type.application";
		};
		7E2DABBE2EA12A9D0013E2B9 /* VarKeeper _with＿addTests */ = {
			isa = PBXNativeTarget;
			buildConfigurationList = 7E2DABD62EA12A9D0013E2B9 /* Build configuration list for PBXNativeTarget "VarKeeper _with＿addTests" */;
			buildPhases = (
				7E2DABBB2EA12A9D0013E2B9 /* Sources */,
				7E2DABBC2EA12A9D0013E2B9 /* Frameworks */,
				7E2DABBD2EA12A9D0013E2B9 /* Resources */,
			);
			buildRules = (
			);
			dependencies = (
				7E2DABC12EA12A9D0013E2B9 /* PBXTargetDependency */,
			);
			name = "VarKeeper _with＿addTests";
			productName = "VarKeeper _with＿addTests";
			productReference = 7E2DABBF2EA12A9D0013E2B9 /* VarKeeper _with＿addTests.xctest */;
			productType = "com.apple.product-type.bundle.unit-test";
		};
		7E2DABC82EA12A9D0013E2B9 /* VarKeeper _with＿addUITests */ = {
			isa = PBXNativeTarget;
			buildConfigurationList = 7E2DABD92EA12A9D0013E2B9 /* Build configuration list for PBXNativeTarget "VarKeeper _with＿addUITests" */;
			buildPhases = (
				7E2DABC52EA12A9D0013E2B9 /* Sources */,
				7E2DABC62EA12A9D0013E2B9 /* Frameworks */,
				7E2DABC72EA12A9D0013E2B9 /* Resources */,
			);
			buildRules = (
			);
			dependencies = (
				7E2DABCB2EA12A9D0013E2B9 /* PBXTargetDependency */,
			);
			name = "VarKeeper _with＿addUITests";
			productName = "VarKeeper _with＿addUITests";
			productReference = 7E2DABC92EA12A9D0013E2B9 /* VarKeeper _with＿addUITests.xctest */;
			productType = "com.apple.product-type.bundle.ui-testing";
		};
/* End PBXNativeTarget section */

/* Begin PBXProject section */
		7E2DABA72EA12A9C0013E2B9 /* Project object */ = {
			isa = PBXProject;
			attributes = {
				BuildIndependentTargetsInParallel = 1;
				LastSwiftUpdateCheck = 1530;
				LastUpgradeCheck = 1530;
				TargetAttributes = {
					7E2DABAE2EA12A9C0013E2B9 = {
						CreatedOnToolsVersion = 15.3;
					};
					7E2DABBE2EA12A9D0013E2B9 = {
						CreatedOnToolsVersion = 15.3;
						TestTargetID = 7E2DABAE2EA12A9C0013E2B9;
					};
					7E2DABC82EA12A9D0013E2B9 = {
						CreatedOnToolsVersion = 15.3;
						TestTargetID = 7E2DABAE2EA12A9C0013E2B9;
					};
				};
			};
			buildConfigurationList = 7E2DABAA2EA12A9C0013E2B9 /* Build configuration list for PBXProject "VarKeeper _with＿add" */;
			compatibilityVersion = "Xcode 14.0";
			developmentRegion = en;
			hasScannedForEncodings = 0;
			knownRegions = (
				en,
				Base,
			);
			mainGroup = 7E2DABA62EA12A9C0013E2B9;
			packageReferences = (
				7E2DABDC2EA131990013E2B9 /* XCRemoteSwiftPackageReference "swift-package-manager-google-mobile-ads" */,
			);
			productRefGroup = 7E2DABB02EA12A9C0013E2B9 /* Products */;
			projectDirPath = "";
			projectRoot = "";
			targets = (
				7E2DABAE2EA12A9C0013E2B9 /* VarKeeper _with＿add */,
				7E2DABBE2EA12A9D0013E2B9 /* VarKeeper _with＿addTests */,
				7E2DABC82EA12A9D0013E2B9 /* VarKeeper _with＿addUITests */,
			);
		};
/* End PBXProject section */

/* Begin PBXResourcesBuildPhase section */
		7E2DABAD2EA12A9C0013E2B9 /* Resources */ = {
			isa = PBXResourcesBuildPhase;
			buildActionMask = 2147483647;
			files = (
				7E2DABBA2EA12A9D0013E2B9 /* Preview Assets.xcassets in Resources */,
				7E2DABB72EA12A9D0013E2B9 /* Assets.xcassets in Resources */,
			);
			runOnlyForDeploymentPostprocessing = 0;
		};
		7E2DABBD2EA12A9D0013E2B9 /* Resources */ = {
			isa = PBXResourcesBuildPhase;
			buildActionMask = 2147483647;
			files = (
			);
			runOnlyForDeploymentPostprocessing = 0;
		};
		7E2DABC72EA12A9D0013E2B9 /* Resources */ = {
			isa = PBXResourcesBuildPhase;
			buildActionMask = 2147483647;
			files = (
			);
			runOnlyForDeploymentPostprocessing = 0;
		};
/* End PBXResourcesBuildPhase section */

/* Begin PBXSourcesBuildPhase section */
		7E2DABAB2EA12A9C0013E2B9 /* Sources */ = {
			isa = PBXSourcesBuildPhase;
			buildActionMask = 2147483647;
			files = (
				7E2DABDF2EA136600013E2B9 /* Ads.swift in Sources */,
				7E2DABB52EA12A9C0013E2B9 /* ContentView.swift in Sources */,
				7E2DABB32EA12A9C0013E2B9 /* VarKeeper__with_addApp.swift in Sources */,
			);
			runOnlyForDeploymentPostprocessing = 0;
		};
		7E2DABBB2EA12A9D0013E2B9 /* Sources */ = {
			isa = PBXSourcesBuildPhase;
			buildActionMask = 2147483647;
			files = (
				7E2DABC42EA12A9D0013E2B9 /* VarKeeper__with_addTests.swift in Sources */,
			);
			runOnlyForDeploymentPostprocessing = 0;
		};
		7E2DABC52EA12A9D0013E2B9 /* Sources */ = {
			isa = PBXSourcesBuildPhase;
			buildActionMask = 2147483647;
			files = (
				7E2DABD02EA12A9D0013E2B9 /* VarKeeper__with_addUITestsLaunchTests.swift in Sources */,
				7E2DABCE2EA12A9D0013E2B9 /* VarKeeper__with_addUITests.swift in Sources */,
			);
			runOnlyForDeploymentPostprocessing = 0;
		};
/* End PBXSourcesBuildPhase section */

/* Begin PBXTargetDependency section */
		7E2DABC12EA12A9D0013E2B9 /* PBXTargetDependency */ = {
			isa = PBXTargetDependency;
			target = 7E2DABAE2EA12A9C0013E2B9 /* VarKeeper _with＿add */;
			targetProxy = 7E2DABC02EA12A9D0013E2B9 /* PBXContainerItemProxy */;
		};
		7E2DABCB2EA12A9D0013E2B9 /* PBXTargetDependency */ = {
			isa = PBXTargetDependency;
			target = 7E2DABAE2EA12A9C0013E2B9 /* VarKeeper _with＿add */;
			targetProxy = 7E2DABCA2EA12A9D0013E2B9 /* PBXContainerItemProxy */;
		};
/* End PBXTargetDependency section */

/* Begin XCBuildConfiguration section */
		7E2DABD12EA12A9D0013E2B9 /* Debug */ = {
			isa = XCBuildConfiguration;
			buildSettings = {
				ALWAYS_SEARCH_USER_PATHS = NO;
				ASSETCATALOG_COMPILER_GENERATE_SWIFT_ASSET_SYMBOL_EXTENSIONS = YES;
				CLANG_ANALYZER_NONNULL = YES;
				CLANG_ANALYZER_NUMBER_OBJECT_CONVERSION = YES_AGGRESSIVE;
				CLANG_CXX_LANGUAGE_STANDARD = "gnu++20";
				CLANG_ENABLE_MODULES = YES;
				CLANG_ENABLE_OBJC_ARC = YES;
				CLANG_ENABLE_OBJC_WEAK = YES;
				CLANG_WARN_BLOCK_CAPTURE_AUTORELEASING = YES;
				CLANG_WARN_BOOL_CONVERSION = YES;
				CLANG_WARN_COMMA = YES;
				CLANG_WARN_CONSTANT_CONVERSION = YES;
				CLANG_WARN_DEPRECATED_OBJC_IMPLEMENTATIONS = YES;
				CLANG_WARN_DIRECT_OBJC_ISA_USAGE = YES_ERROR;
				CLANG_WARN_DOCUMENTATION_COMMENTS = YES;
				CLANG_WARN_EMPTY_BODY = YES;
				CLANG_WARN_ENUM_CONVERSION = YES;
				CLANG_WARN_INFINITE_RECURSION = YES;
				CLANG_WARN_INT_CONVERSION = YES;
				CLANG_WARN_NON_LITERAL_NULL_CONVERSION = YES;
				CLANG_WARN_OBJC_IMPLICIT_RETAIN_SELF = YES;
				CLANG_WARN_OBJC_LITERAL_CONVERSION = YES;
				CLANG_WARN_OBJC_ROOT_CLASS = YES_ERROR;
				CLANG_WARN_QUOTED_INCLUDE_IN_FRAMEWORK_HEADER = YES;
				CLANG_WARN_RANGE_LOOP_ANALYSIS = YES;
				CLANG_WARN_STRICT_PROTOTYPES = YES;
				CLANG_WARN_SUSPICIOUS_MOVE = YES;
				CLANG_WARN_UNGUARDED_AVAILABILITY = YES_AGGRESSIVE;
				CLANG_WARN_UNREACHABLE_CODE = YES;
				CLANG_WARN__DUPLICATE_METHOD_MATCH = YES;
				COPY_PHASE_STRIP = NO;
				DEBUG_INFORMATION_FORMAT = dwarf;
				ENABLE_STRICT_OBJC_MSGSEND = YES;
				ENABLE_TESTABILITY = YES;
				ENABLE_USER_SCRIPT_SANDBOXING = YES;
				GCC_C_LANGUAGE_STANDARD = gnu17;
				GCC_DYNAMIC_NO_PIC = NO;
				GCC_NO_COMMON_BLOCKS = YES;
				GCC_OPTIMIZATION_LEVEL = 0;
				GCC_PREPROCESSOR_DEFINITIONS = (
					"DEBUG=1",
					"$(inherited)",
				);
				GCC_WARN_64_TO_32_BIT_CONVERSION = YES;
				GCC_WARN_ABOUT_RETURN_TYPE = YES_ERROR;
				GCC_WARN_UNDECLARED_SELECTOR = YES;
				GCC_WARN_UNINITIALIZED_AUTOS = YES_AGGRESSIVE;
				GCC_WARN_UNUSED_FUNCTION = YES;
				GCC_WARN_UNUSED_VARIABLE = YES;
				IPHONEOS_DEPLOYMENT_TARGET = 17.4;
				LOCALIZATION_PREFERS_STRING_CATALOGS = YES;
				MTL_ENABLE_DEBUG_INFO = INCLUDE_SOURCE;
				MTL_FAST_MATH = YES;
				ONLY_ACTIVE_ARCH = YES;
				SDKROOT = iphoneos;
				SWIFT_ACTIVE_COMPILATION_CONDITIONS = "DEBUG $(inherited)";
				SWIFT_OPTIMIZATION_LEVEL = "-Onone";
			};
			name = Debug;
		};
		7E2DABD22EA12A9D0013E2B9 /* Release */ = {
			isa = XCBuildConfiguration;
			buildSettings = {
				ALWAYS_SEARCH_USER_PATHS = NO;
				ASSETCATALOG_COMPILER_GENERATE_SWIFT_ASSET_SYMBOL_EXTENSIONS = YES;
				CLANG_ANALYZER_NONNULL = YES;
				CLANG_ANALYZER_NUMBER_OBJECT_CONVERSION = YES_AGGRESSIVE;
				CLANG_CXX_LANGUAGE_STANDARD = "gnu++20";
				CLANG_ENABLE_MODULES = YES;
				CLANG_ENABLE_OBJC_ARC = YES;
				CLANG_ENABLE_OBJC_WEAK = YES;
				CLANG_WARN_BLOCK_CAPTURE_AUTORELEASING = YES;
				CLANG_WARN_BOOL_CONVERSION = YES;
				CLANG_WARN_COMMA = YES;
				CLANG_WARN_CONSTANT_CONVERSION = YES;
				CLANG_WARN_DEPRECATED_OBJC_IMPLEMENTATIONS = YES;
				CLANG_WARN_DIRECT_OBJC_ISA_USAGE = YES_ERROR;
				CLANG_WARN_DOCUMENTATION_COMMENTS = YES;
				CLANG_WARN_EMPTY_BODY = YES;
				CLANG_WARN_ENUM_CONVERSION = YES;
				CLANG_WARN_INFINITE_RECURSION = YES;
				CLANG_WARN_INT_CONVERSION = YES;
				CLANG_WARN_NON_LITERAL_NULL_CONVERSION = YES;
				CLANG_WARN_OBJC_IMPLICIT_RETAIN_SELF = YES;
				CLANG_WARN_OBJC_LITERAL_CONVERSION = YES;
				CLANG_WARN_OBJC_ROOT_CLASS = YES_ERROR;
				CLANG_WARN_QUOTED_INCLUDE_IN_FRAMEWORK_HEADER = YES;
				CLANG_WARN_RANGE_LOOP_ANALYSIS = YES;
				CLANG_WARN_STRICT_PROTOTYPES = YES;
				CLANG_WARN_SUSPICIOUS_MOVE = YES;
				CLANG_WARN_UNGUARDED_AVAILABILITY = YES_AGGRESSIVE;
				CLANG_WARN_UNREACHABLE_CODE = YES;
				CLANG_WARN__DUPLICATE_METHOD_MATCH = YES;
				COPY_PHASE_STRIP = NO;
				DEBUG_INFORMATION_FORMAT = "dwarf-with-dsym";
				ENABLE_NS_ASSERTIONS = NO;
				ENABLE_STRICT_OBJC_MSGSEND = YES;
				ENABLE_USER_SCRIPT_SANDBOXING = YES;
				GCC_C_LANGUAGE_STANDARD = gnu17;
				GCC_NO_COMMON_BLOCKS = YES;
				GCC_WARN_64_TO_32_BIT_CONVERSION = YES;
				GCC_WARN_ABOUT_RETURN_TYPE = YES_ERROR;
				GCC_WARN_UNDECLARED_SELECTOR = YES;
				GCC_WARN_UNINITIALIZED_AUTOS = YES_AGGRESSIVE;
				GCC_WARN_UNUSED_FUNCTION = YES;
				GCC_WARN_UNUSED_VARIABLE = YES;
				IPHONEOS_DEPLOYMENT_TARGET = 17.4;
				LOCALIZATION_PREFERS_STRING_CATALOGS = YES;
				MTL_ENABLE_DEBUG_INFO = NO;
				MTL_FAST_MATH = YES;
				SDKROOT = iphoneos;
				SWIFT_COMPILATION_MODE = wholemodule;
				VALIDATE_PRODUCT = YES;
			};
			name = Release;
		};
		7E2DABD42EA12A9D0013E2B9 /* Debug */ = {
			isa = XCBuildConfiguration;
			buildSettings = {
				ASSETCATALOG_COMPILER_APPICON_NAME = AppIcon;
				ASSETCATALOG_COMPILER_GLOBAL_ACCENT_COLOR_NAME = AccentColor;
				CODE_SIGN_STYLE = Automatic;
				CURRENT_PROJECT_VERSION = 1;
				DEVELOPMENT_ASSET_PATHS = "\"VarKeeper _with＿add/Preview Content\"";
				DEVELOPMENT_TEAM = 3TKA46A686;
				ENABLE_PREVIEWS = YES;
				GENERATE_INFOPLIST_FILE = YES;
				INFOPLIST_FILE = "VarKeeper--with-add-Info.plist";
				INFOPLIST_KEY_NSUserTrackingUsageDescription = "より適切な広告を表示するためにトラッキングの許可をお願いします。";
				INFOPLIST_KEY_UIApplicationSceneManifest_Generation = YES;
				INFOPLIST_KEY_UIApplicationSupportsIndirectInputEvents = YES;
				INFOPLIST_KEY_UILaunchScreen_Generation = YES;
				INFOPLIST_KEY_UISupportedInterfaceOrientations_iPad = "UIInterfaceOrientationPortrait UIInterfaceOrientationPortraitUpsideDown UIInterfaceOrientationLandscapeLeft UIInterfaceOrientationLandscapeRight";
				INFOPLIST_KEY_UISupportedInterfaceOrientations_iPhone = "UIInterfaceOrientationPortrait UIInterfaceOrientationLandscapeLeft UIInterfaceOrientationLandscapeRight";
				LD_RUNPATH_SEARCH_PATHS = (
					"$(inherited)",
					"@executable_path/Frameworks",
				);
				MARKETING_VERSION = 1.0;
				PRODUCT_BUNDLE_IDENTIFIER = "atusiN.VarKeeper--with-add";
				PRODUCT_NAME = "$(TARGET_NAME)";
				SWIFT_EMIT_LOC_STRINGS = YES;
				SWIFT_VERSION = 5.0;
				TARGETED_DEVICE_FAMILY = "1,2";
			};
			name = Debug;
		};
		7E2DABD52EA12A9D0013E2B9 /* Release */ = {
			isa = XCBuildConfiguration;
			buildSettings = {
				ASSETCATALOG_COMPILER_APPICON_NAME = AppIcon;
				ASSETCATALOG_COMPILER_GLOBAL_ACCENT_COLOR_NAME = AccentColor;
				CODE_SIGN_STYLE = Automatic;
				CURRENT_PROJECT_VERSION = 1;
				DEVELOPMENT_ASSET_PATHS = "\"VarKeeper _with＿add/Preview Content\"";
				DEVELOPMENT_TEAM = 3TKA46A686;
				ENABLE_PREVIEWS = YES;
				GENERATE_INFOPLIST_FILE = YES;
				INFOPLIST_FILE = "VarKeeper--with-add-Info.plist";
				INFOPLIST_KEY_NSUserTrackingUsageDescription = "より適切な広告を表示するためにトラッキングの許可をお願いします。";
				INFOPLIST_KEY_UIApplicationSceneManifest_Generation = YES;
				INFOPLIST_KEY_UIApplicationSupportsIndirectInputEvents = YES;
				INFOPLIST_KEY_UILaunchScreen_Generation = YES;
				INFOPLIST_KEY_UISupportedInterfaceOrientations_iPad = "UIInterfaceOrientationPortrait UIInterfaceOrientationPortraitUpsideDown UIInterfaceOrientationLandscapeLeft UIInterfaceOrientationLandscapeRight";
				INFOPLIST_KEY_UISupportedInterfaceOrientations_iPhone = "UIInterfaceOrientationPortrait UIInterfaceOrientationLandscapeLeft UIInterfaceOrientationLandscapeRight";
				LD_RUNPATH_SEARCH_PATHS = (
					"$(inherited)",
					"@executable_path/Frameworks",
				);
				MARKETING_VERSION = 1.0;
				PRODUCT_BUNDLE_IDENTIFIER = "atusiN.VarKeeper--with-add";
				PRODUCT_NAME = "$(TARGET_NAME)";
				SWIFT_EMIT_LOC_STRINGS = YES;
				SWIFT_VERSION = 5.0;
				TARGETED_DEVICE_FAMILY = "1,2";
			};
			name = Release;
		};
		7E2DABD72EA12A9D0013E2B9 /* Debug */ = {
			isa = XCBuildConfiguration;
			buildSettings = {
				ALWAYS_EMBED_SWIFT_STANDARD_LIBRARIES = YES;
				BUNDLE_LOADER = "$(TEST_HOST)";
				CODE_SIGN_STYLE = Automatic;
				CURRENT_PROJECT_VERSION = 1;
				DEVELOPMENT_TEAM = 3TKA46A686;
				GENERATE_INFOPLIST_FILE = YES;
				IPHONEOS_DEPLOYMENT_TARGET = 17.4;
				MARKETING_VERSION = 1.0;
				PRODUCT_BUNDLE_IDENTIFIER = "atusiN.VarKeeper--with-addTests";
				PRODUCT_NAME = "$(TARGET_NAME)";
				SWIFT_EMIT_LOC_STRINGS = NO;
				SWIFT_VERSION = 5.0;
				TARGETED_DEVICE_FAMILY = "1,2";
				TEST_HOST = "$(BUILT_PRODUCTS_DIR)/VarKeeper _with＿add.app/$(BUNDLE_EXECUTABLE_FOLDER_PATH)/VarKeeper _with＿add";
			};
			name = Debug;
		};
		7E2DABD82EA12A9D0013E2B9 /* Release */ = {
			isa = XCBuildConfiguration;
			buildSettings = {
				ALWAYS_EMBED_SWIFT_STANDARD_LIBRARIES = YES;
				BUNDLE_LOADER = "$(TEST_HOST)";
				CODE_SIGN_STYLE = Automatic;
				CURRENT_PROJECT_VERSION = 1;
				DEVELOPMENT_TEAM = 3TKA46A686;
				GENERATE_INFOPLIST_FILE = YES;
				IPHONEOS_DEPLOYMENT_TARGET = 17.4;
				MARKETING_VERSION = 1.0;
				PRODUCT_BUNDLE_IDENTIFIER = "atusiN.VarKeeper--with-addTests";
				PRODUCT_NAME = "$(TARGET_NAME)";
				SWIFT_EMIT_LOC_STRINGS = NO;
				SWIFT_VERSION = 5.0;
				TARGETED_DEVICE_FAMILY = "1,2";
				TEST_HOST = "$(BUILT_PRODUCTS_DIR)/VarKeeper _with＿add.app/$(BUNDLE_EXECUTABLE_FOLDER_PATH)/VarKeeper _with＿add";
			};
			name = Release;
		};
		7E2DABDA2EA12A9D0013E2B9 /* Debug */ = {
			isa = XCBuildConfiguration;
			buildSettings = {
				ALWAYS_EMBED_SWIFT_STANDARD_LIBRARIES = YES;
				CODE_SIGN_STYLE = Automatic;
				CURRENT_PROJECT_VERSION = 1;
				DEVELOPMENT_TEAM = 3TKA46A686;
				GENERATE_INFOPLIST_FILE = YES;
				MARKETING_VERSION = 1.0;
				PRODUCT_BUNDLE_IDENTIFIER = "atusiN.VarKeeper--with-addUITests";
				PRODUCT_NAME = "$(TARGET_NAME)";
				SWIFT_EMIT_LOC_STRINGS = NO;
				SWIFT_VERSION = 5.0;
				TARGETED_DEVICE_FAMILY = "1,2";
				TEST_TARGET_NAME = "VarKeeper _with＿add";
			};
			name = Debug;
		};
		7E2DABDB2EA12A9D0013E2B9 /* Release */ = {
			isa = XCBuildConfiguration;
			buildSettings = {
				ALWAYS_EMBED_SWIFT_STANDARD_LIBRARIES = YES;
				CODE_SIGN_STYLE = Automatic;
				CURRENT_PROJECT_VERSION = 1;
				DEVELOPMENT_TEAM = 3TKA46A686;
				GENERATE_INFOPLIST_FILE = YES;
				MARKETING_VERSION = 1.0;
				PRODUCT_BUNDLE_IDENTIFIER = "atusiN.VarKeeper--with-addUITests";
				PRODUCT_NAME = "$(TARGET_NAME)";
				SWIFT_EMIT_LOC_STRINGS = NO;
				SWIFT_VERSION = 5.0;
				TARGETED_DEVICE_FAMILY = "1,2";
				TEST_TARGET_NAME = "VarKeeper _with＿add";
			};
			name = Release;
		};
/* End XCBuildConfiguration section */

/* Begin XCConfigurationList section */
		7E2DABAA2EA12A9C0013E2B9 /* Build configuration list for PBXProject "VarKeeper _with＿add" */ = {
			isa = XCConfigurationList;
			buildConfigurations = (
				7E2DABD12EA12A9D0013E2B9 /* Debug */,
				7E2DABD22EA12A9D0013E2B9 /* Release */,
			);
			defaultConfigurationIsVisible = 0;
			defaultConfigurationName = Release;
		};
		7E2DABD32EA12A9D0013E2B9 /* Build configuration list for PBXNativeTarget "VarKeeper _with＿add" */ = {
			isa = XCConfigurationList;
			buildConfigurations = (
				7E2DABD42EA12A9D0013E2B9 /* Debug */,
				7E2DABD52EA12A9D0013E2B9 /* Release */,
			);
			defaultConfigurationIsVisible = 0;
			defaultConfigurationName = Release;
		};
		7E2DABD62EA12A9D0013E2B9 /* Build configuration list for PBXNativeTarget "VarKeeper _with＿addTests" */ = {
			isa = XCConfigurationList;
			buildConfigurations = (
				7E2DABD72EA12A9D0013E2B9 /* Debug */,
				7E2DABD82EA12A9D0013E2B9 /* Release */,
			);
			defaultConfigurationIsVisible = 0;
			defaultConfigurationName = Release;
		};
		7E2DABD92EA12A9D0013E2B9 /* Build configuration list for PBXNativeTarget "VarKeeper _with＿addUITests" */ = {
			isa = XCConfigurationList;
			buildConfigurations = (
				7E2DABDA2EA12A9D0013E2B9 /* Debug */,
				7E2DABDB2EA12A9D0013E2B9 /* Release */,
			);
			defaultConfigurationIsVisible = 0;
			defaultConfigurationName = Release;
		};
/* End XCConfigurationList section */

/* Begin XCRemoteSwiftPackageReference section */
		7E2DABDC2EA131990013E2B9 /* XCRemoteSwiftPackageReference "swift-package-manager-google-mobile-ads" */ = {
			isa = XCRemoteSwiftPackageReference;
			repositoryURL = "https://github.com/googleads/swift-package-manager-google-mobile-ads";
			requirement = {
				kind = upToNextMajorVersion;
				minimumVersion = 12.12.0;
			};
		};
/* End XCRemoteSwiftPackageReference section */

/* Begin XCSwiftPackageProductDependency section */
		7E2DABE12EA138200013E2B9 /* GoogleMobileAds */ = {
			isa = XCSwiftPackageProductDependency;
			package = 7E2DABDC2EA131990013E2B9 /* XCRemoteSwiftPackageReference "swift-package-manager-google-mobile-ads" */;
			productName = GoogleMobileAds;
		};
/* End XCSwiftPackageProductDependency section */
	};
	rootObject = 7E2DABA72EA12A9C0013E2B9 /* Project object */;
}
